
Microsoft Visual Studio Solution File, Format Version 12.00
# Visual Studio 15
VisualStudioVersion = 15.0.28010.2016
MinimumVisualStudioVersion = 10.0.40219.1
Project("{FAE04EC0-301F-11D3-BF4B-00C04F79EFBC}") = "lab6", "lab6\lab6.csproj", "{DD7ACFAF-F5B2-407D-BBB1-67C2A0F0B4B5}"
EndProject
Project("{FAE04EC0-301F-11D3-BF4B-00C04F79EFBC}") = "ArtistLibrary", "ArtistLibrary\ArtistLibrary.csproj", "{BA718CEA-C294-4B92-93F2-64576C33F414}"
EndProject
Global
	GlobalSection(SolutionConfigurationPlatforms) = preSolution
		Debug|Any CPU = Debug|Any CPU
		Release|Any CPU = Release|Any CPU
	EndGlobalSection
	GlobalSection(ProjectConfigurationPlatforms) = postSolution
		{DD7ACFAF-F5B2-407D-BBB1-67C2A0F0B4B5}.Debug|Any CPU.ActiveCfg = Debug|Any CPU
		{DD7ACFAF-F5B2-407D-BBB1-67C2A0F0B4B5}.Debug|Any CPU.Build.0 = Debug|Any CPU
		{DD7ACFAF-F5B2-407D-BBB1-67C2A0F0B4B5}.Release|Any CPU.ActiveCfg = Release|Any CPU
		{DD7ACFAF-F5B2-407D-BBB1-67C2A0F0B4B5}.Release|Any CPU.Build.0 = Release|Any CPU
		{BA718CEA-C294-4B92-93F2-64576C33F414}.Debug|Any CPU.ActiveCfg = Debug|Any CPU
		{BA718CEA-C294-4B92-93F2-64576C33F414}.Debug|Any CPU.Build.0 = Debug|Any CPU
		{BA718CEA-C294-4B92-93F2-64576C33F414}.Release|Any CPU.ActiveCfg = Release|Any CPU
		{BA718CEA-C294-4B92-93F2-64576C33F414}.Release|Any CPU.Build.0 = Release|Any CPU
	EndGlobalSection
	GlobalSection(SolutionProperties) = preSolution
		HideSolutionNode = FALSE
	EndGlobalSection
	GlobalSection(ExtensibilityGlobals) = postSolution
		SolutionGuid = {0C4EDBB0-0C4B-41C4-BFB1-3A9D87B5C987}
	EndGlobalSection
EndGlobal
